
Microsoft Visual Studio Solution File, Format Version 12.00
# Visual Studio Version 17
VisualStudioVersion = 17.0.31903.59
MinimumVisualStudioVersion = 10.0.40219.1
Project("{FAE04EC0-301F-11D3-BF4B-00C04F79EFBC}") = "AdventureWorksLT2019.WebApi", "AdventureWorksLT2019.WebApi\AdventureWorksLT2019.WebApi.csproj", "{43D9DB2D-1A66-4CBD-9EA0-ACF1A91A9476}"
EndProject
Project("{FAE04EC0-301F-11D3-BF4B-00C04F79EFBC}") = "AdventureWorksLT2019.Blazor", "AdventureWorksLT2019.Blazor\AdventureWorksLT2019.Blazor.csproj", "{F3B782DD-D5B7-4CC0-976E-264A16D26FF4}"
EndProject
Project("{FAE04EC0-301F-11D3-BF4B-00C04F79EFBC}") = "AdventureWorksLT2019.RazorPage", "AdventureWorksLT2019.RazorPage\AdventureWorksLT2019.RazorPage.csproj", "{BB0D8CFD-A8D0-46E5-AED0-48B5614C5C60}"
EndProject
Project("{FAE04EC0-301F-11D3-BF4B-00C04F79EFBC}") = "AdventureWorksLT2019.HttpTriggerFunctions", "AdventureWorksLT2019.HttpTriggerFunctions\AdventureWorksLT2019.HttpTriggerFunctions.csproj", "{7FACBEA6-DF9B-4B9B-AD95-4ACDAA1466D2}"
EndProject
Project("{FAE04EC0-301F-11D3-BF4B-00C04F79EFBC}") = "AdventureWorksLT2019.TimerTriggerFunctions", "AdventureWorksLT2019.TimerTriggerFunctions\AdventureWorksLT2019.TimerTriggerFunctions.csproj", "{E0D48D66-A78A-42A7-8AB7-EA919BAAFCF7}"
EndProject
Project("{FAE04EC0-301F-11D3-BF4B-00C04F79EFBC}") = "AdventureWorksLT2019.MSSqlDbContext", "AdventureWorksLT2019.DbContext\AdventureWorksLT2019.MSSqlDbContext.csproj", "{C534EB94-4C73-4A04-A997-86C2E2117CCF}"
EndProject
Project("{FAE04EC0-301F-11D3-BF4B-00C04F79EFBC}") = "AdventureWorksLT2019.MSSqlRepositories", "AdventureWorksLT2019.MSSqlRepositories\AdventureWorksLT2019.MSSqlRepositories.csproj", "{42634193-18F8-4B8E-A3A7-E0048D863D78}"
EndProject
Project("{FAE04EC0-301F-11D3-BF4B-00C04F79EFBC}") = "AdventureWorksLT2019.RepositoriesInterfaces", "AdventureWorksLT2019.RepositoriesInterfaces\AdventureWorksLT2019.RepositoriesInterfaces.csproj", "{A034CF95-A962-47A0-BEDB-FA5E1C840EC5}"
EndProject
Project("{FAE04EC0-301F-11D3-BF4B-00C04F79EFBC}") = "AdventureWorksLT2019.Services", "AdventureWorksLT2019.Services\AdventureWorksLT2019.Services.csproj", "{53F3C65F-E08D-47E4-AD5E-DE023FC375B4}"
EndProject
Project("{FAE04EC0-301F-11D3-BF4B-00C04F79EFBC}") = "AdventureWorksLT2019.ServiceInterfaces", "AdventureWorksLT2019.ServiceInterfaces\AdventureWorksLT2019.ServiceInterfaces.csproj", "{9F7BFAE8-0067-4A2F-8E12-A8598A69B43D}"
EndProject
Project("{FAE04EC0-301F-11D3-BF4B-00C04F79EFBC}") = "AdventureWorksLT2019.Models", "AdventureWorksLT2019.Models\AdventureWorksLT2019.Models.csproj", "{8BD99E0B-F20B-40B2-B226-3CFF53E4C1F9}"
EndProject
Project("{FAE04EC0-301F-11D3-BF4B-00C04F79EFBC}") = "AdventureWorksLT2019.Utilities", "AdventureWorksLT2019.Utilities\AdventureWorksLT2019.Utilities.csproj", "{A4520691-78FF-4F7F-8EDC-67D7AF1DDB96}"
EndProject
Project("{FAE04EC0-301F-11D3-BF4B-00C04F79EFBC}") = "AdventureWorksLT2019.Shared", "AdventureWorksLT2019.Shared\AdventureWorksLT2019.Shared.csproj", "{B36458EF-B3F1-4E0D-8795-FF2C9BE5583A}"
EndProject
Global
	GlobalSection(SolutionConfigurationPlatforms) = preSolution
		Debug|Any CPU = Debug|Any CPU
		Debug|x64 = Debug|x64
		Debug|x86 = Debug|x86
		Release|Any CPU = Release|Any CPU
		Release|x64 = Release|x64
		Release|x86 = Release|x86
	EndGlobalSection
	GlobalSection(ProjectConfigurationPlatforms) = postSolution
		{43D9DB2D-1A66-4CBD-9EA0-ACF1A91A9476}.Debug|Any CPU.ActiveCfg = Debug|Any CPU
		{43D9DB2D-1A66-4CBD-9EA0-ACF1A91A9476}.Debug|Any CPU.Build.0 = Debug|Any CPU
		{43D9DB2D-1A66-4CBD-9EA0-ACF1A91A9476}.Debug|x64.ActiveCfg = Debug|Any CPU
		{43D9DB2D-1A66-4CBD-9EA0-ACF1A91A9476}.Debug|x64.Build.0 = Debug|Any CPU
		{43D9DB2D-1A66-4CBD-9EA0-ACF1A91A9476}.Debug|x86.ActiveCfg = Debug|Any CPU
		{43D9DB2D-1A66-4CBD-9EA0-ACF1A91A9476}.Debug|x86.Build.0 = Debug|Any CPU
		{43D9DB2D-1A66-4CBD-9EA0-ACF1A91A9476}.Release|Any CPU.ActiveCfg = Release|Any CPU
		{43D9DB2D-1A66-4CBD-9EA0-ACF1A91A9476}.Release|Any CPU.Build.0 = Release|Any CPU
		{43D9DB2D-1A66-4CBD-9EA0-ACF1A91A9476}.Release|x64.ActiveCfg = Release|Any CPU
		{43D9DB2D-1A66-4CBD-9EA0-ACF1A91A9476}.Release|x64.Build.0 = Release|Any CPU
		{43D9DB2D-1A66-4CBD-9EA0-ACF1A91A9476}.Release|x86.ActiveCfg = Release|Any CPU
		{43D9DB2D-1A66-4CBD-9EA0-ACF1A91A9476}.Release|x86.Build.0 = Release|Any CPU
		{F3B782DD-D5B7-4CC0-976E-264A16D26FF4}.Debug|Any CPU.ActiveCfg = Debug|Any CPU
		{F3B782DD-D5B7-4CC0-976E-264A16D26FF4}.Debug|Any CPU.Build.0 = Debug|Any CPU
		{F3B782DD-D5B7-4CC0-976E-264A16D26FF4}.Debug|x64.ActiveCfg = Debug|Any CPU
		{F3B782DD-D5B7-4CC0-976E-264A16D26FF4}.Debug|x64.Build.0 = Debug|Any CPU
		{F3B782DD-D5B7-4CC0-976E-264A16D26FF4}.Debug|x86.ActiveCfg = Debug|Any CPU
		{F3B782DD-D5B7-4CC0-976E-264A16D26FF4}.Debug|x86.Build.0 = Debug|Any CPU
		{F3B782DD-D5B7-4CC0-976E-264A16D26FF4}.Release|Any CPU.ActiveCfg = Release|Any CPU
		{F3B782DD-D5B7-4CC0-976E-264A16D26FF4}.Release|Any CPU.Build.0 = Release|Any CPU
		{F3B782DD-D5B7-4CC0-976E-264A16D26FF4}.Release|x64.ActiveCfg = Release|Any CPU
		{F3B782DD-D5B7-4CC0-976E-264A16D26FF4}.Release|x64.Build.0 = Release|Any CPU
		{F3B782DD-D5B7-4CC0-976E-264A16D26FF4}.Release|x86.ActiveCfg = Release|Any CPU
		{F3B782DD-D5B7-4CC0-976E-264A16D26FF4}.Release|x86.Build.0 = Release|Any CPU
		{BB0D8CFD-A8D0-46E5-AED0-48B5614C5C60}.Debug|Any CPU.ActiveCfg = Debug|Any CPU
		{BB0D8CFD-A8D0-46E5-AED0-48B5614C5C60}.Debug|Any CPU.Build.0 = Debug|Any CPU
		{BB0D8CFD-A8D0-46E5-AED0-48B5614C5C60}.Debug|x64.ActiveCfg = Debug|Any CPU
		{BB0D8CFD-A8D0-46E5-AED0-48B5614C5C60}.Debug|x64.Build.0 = Debug|Any CPU
		{BB0D8CFD-A8D0-46E5-AED0-48B5614C5C60}.Debug|x86.ActiveCfg = Debug|Any CPU
		{BB0D8CFD-A8D0-46E5-AED0-48B5614C5C60}.Debug|x86.Build.0 = Debug|Any CPU
		{BB0D8CFD-A8D0-46E5-AED0-48B5614C5C60}.Release|Any CPU.ActiveCfg = Release|Any CPU
		{BB0D8CFD-A8D0-46E5-AED0-48B5614C5C60}.Release|Any CPU.Build.0 = Release|Any CPU
		{BB0D8CFD-A8D0-46E5-AED0-48B5614C5C60}.Release|x64.ActiveCfg = Release|Any CPU
		{BB0D8CFD-A8D0-46E5-AED0-48B5614C5C60}.Release|x64.Build.0 = Release|Any CPU
		{BB0D8CFD-A8D0-46E5-AED0-48B5614C5C60}.Release|x86.ActiveCfg = Release|Any CPU
		{BB0D8CFD-A8D0-46E5-AED0-48B5614C5C60}.Release|x86.Build.0 = Release|Any CPU
		{7FACBEA6-DF9B-4B9B-AD95-4ACDAA1466D2}.Debug|Any CPU.ActiveCfg = Debug|Any CPU
		{7FACBEA6-DF9B-4B9B-AD95-4ACDAA1466D2}.Debug|Any CPU.Build.0 = Debug|Any CPU
		{7FACBEA6-DF9B-4B9B-AD95-4ACDAA1466D2}.Debug|x64.ActiveCfg = Debug|Any CPU
		{7FACBEA6-DF9B-4B9B-AD95-4ACDAA1466D2}.Debug|x64.Build.0 = Debug|Any CPU
		{7FACBEA6-DF9B-4B9B-AD95-4ACDAA1466D2}.Debug|x86.ActiveCfg = Debug|Any CPU
		{7FACBEA6-DF9B-4B9B-AD95-4ACDAA1466D2}.Debug|x86.Build.0 = Debug|Any CPU
		{7FACBEA6-DF9B-4B9B-AD95-4ACDAA1466D2}.Release|Any CPU.ActiveCfg = Release|Any CPU
		{7FACBEA6-DF9B-4B9B-AD95-4ACDAA1466D2}.Release|Any CPU.Build.0 = Release|Any CPU
		{7FACBEA6-DF9B-4B9B-AD95-4ACDAA1466D2}.Release|x64.ActiveCfg = Release|Any CPU
		{7FACBEA6-DF9B-4B9B-AD95-4ACDAA1466D2}.Release|x64.Build.0 = Release|Any CPU
		{7FACBEA6-DF9B-4B9B-AD95-4ACDAA1466D2}.Release|x86.ActiveCfg = Release|Any CPU
		{7FACBEA6-DF9B-4B9B-AD95-4ACDAA1466D2}.Release|x86.Build.0 = Release|Any CPU
		{E0D48D66-A78A-42A7-8AB7-EA919BAAFCF7}.Debug|Any CPU.ActiveCfg = Debug|Any CPU
		{E0D48D66-A78A-42A7-8AB7-EA919BAAFCF7}.Debug|Any CPU.Build.0 = Debug|Any CPU
		{E0D48D66-A78A-42A7-8AB7-EA919BAAFCF7}.Debug|x64.ActiveCfg = Debug|Any CPU
		{E0D48D66-A78A-42A7-8AB7-EA919BAAFCF7}.Debug|x64.Build.0 = Debug|Any CPU
		{E0D48D66-A78A-42A7-8AB7-EA919BAAFCF7}.Debug|x86.ActiveCfg = Debug|Any CPU
		{E0D48D66-A78A-42A7-8AB7-EA919BAAFCF7}.Debug|x86.Build.0 = Debug|Any CPU
		{E0D48D66-A78A-42A7-8AB7-EA919BAAFCF7}.Release|Any CPU.ActiveCfg = Release|Any CPU
		{E0D48D66-A78A-42A7-8AB7-EA919BAAFCF7}.Release|Any CPU.Build.0 = Release|Any CPU
		{E0D48D66-A78A-42A7-8AB7-EA919BAAFCF7}.Release|x64.ActiveCfg = Release|Any CPU
		{E0D48D66-A78A-42A7-8AB7-EA919BAAFCF7}.Release|x64.Build.0 = Release|Any CPU
		{E0D48D66-A78A-42A7-8AB7-EA919BAAFCF7}.Release|x86.ActiveCfg = Release|Any CPU
		{E0D48D66-A78A-42A7-8AB7-EA919BAAFCF7}.Release|x86.Build.0 = Release|Any CPU
		{C534EB94-4C73-4A04-A997-86C2E2117CCF}.Debug|Any CPU.ActiveCfg = Debug|Any CPU
		{C534EB94-4C73-4A04-A997-86C2E2117CCF}.Debug|Any CPU.Build.0 = Debug|Any CPU
		{C534EB94-4C73-4A04-A997-86C2E2117CCF}.Debug|x64.ActiveCfg = Debug|Any CPU
		{C534EB94-4C73-4A04-A997-86C2E2117CCF}.Debug|x64.Build.0 = Debug|Any CPU
		{C534EB94-4C73-4A04-A997-86C2E2117CCF}.Debug|x86.ActiveCfg = Debug|Any CPU
		{C534EB94-4C73-4A04-A997-86C2E2117CCF}.Debug|x86.Build.0 = Debug|Any CPU
		{C534EB94-4C73-4A04-A997-86C2E2117CCF}.Release|Any CPU.ActiveCfg = Release|Any CPU
		{C534EB94-4C73-4A04-A997-86C2E2117CCF}.Release|Any CPU.Build.0 = Release|Any CPU
		{C534EB94-4C73-4A04-A997-86C2E2117CCF}.Release|x64.ActiveCfg = Release|Any CPU
		{C534EB94-4C73-4A04-A997-86C2E2117CCF}.Release|x64.Build.0 = Release|Any CPU
		{C534EB94-4C73-4A04-A997-86C2E2117CCF}.Release|x86.ActiveCfg = Release|Any CPU
		{C534EB94-4C73-4A04-A997-86C2E2117CCF}.Release|x86.Build.0 = Release|Any CPU
		{42634193-18F8-4B8E-A3A7-E0048D863D78}.Debug|Any CPU.ActiveCfg = Debug|Any CPU
		{42634193-18F8-4B8E-A3A7-E0048D863D78}.Debug|Any CPU.Build.0 = Debug|Any CPU
		{42634193-18F8-4B8E-A3A7-E0048D863D78}.Debug|x64.ActiveCfg = Debug|Any CPU
		{42634193-18F8-4B8E-A3A7-E0048D863D78}.Debug|x64.Build.0 = Debug|Any CPU
		{42634193-18F8-4B8E-A3A7-E0048D863D78}.Debug|x86.ActiveCfg = Debug|Any CPU
		{42634193-18F8-4B8E-A3A7-E0048D863D78}.Debug|x86.Build.0 = Debug|Any CPU
		{42634193-18F8-4B8E-A3A7-E0048D863D78}.Release|Any CPU.ActiveCfg = Release|Any CPU
		{42634193-18F8-4B8E-A3A7-E0048D863D78}.Release|Any CPU.Build.0 = Release|Any CPU
		{42634193-18F8-4B8E-A3A7-E0048D863D78}.Release|x64.ActiveCfg = Release|Any CPU
		{42634193-18F8-4B8E-A3A7-E0048D863D78}.Release|x64.Build.0 = Release|Any CPU
		{42634193-18F8-4B8E-A3A7-E0048D863D78}.Release|x86.ActiveCfg = Release|Any CPU
		{42634193-18F8-4B8E-A3A7-E0048D863D78}.Release|x86.Build.0 = Release|Any CPU
		{A034CF95-A962-47A0-BEDB-FA5E1C840EC5}.Debug|Any CPU.ActiveCfg = Debug|Any CPU
		{A034CF95-A962-47A0-BEDB-FA5E1C840EC5}.Debug|Any CPU.Build.0 = Debug|Any CPU
		{A034CF95-A962-47A0-BEDB-FA5E1C840EC5}.Debug|x64.ActiveCfg = Debug|Any CPU
		{A034CF95-A962-47A0-BEDB-FA5E1C840EC5}.Debug|x64.Build.0 = Debug|Any CPU
		{A034CF95-A962-47A0-BEDB-FA5E1C840EC5}.Debug|x86.ActiveCfg = Debug|Any CPU
		{A034CF95-A962-47A0-BEDB-FA5E1C840EC5}.Debug|x86.Build.0 = Debug|Any CPU
		{A034CF95-A962-47A0-BEDB-FA5E1C840EC5}.Release|Any CPU.ActiveCfg = Release|Any CPU
		{A034CF95-A962-47A0-BEDB-FA5E1C840EC5}.Release|Any CPU.Build.0 = Release|Any CPU
		{A034CF95-A962-47A0-BEDB-FA5E1C840EC5}.Release|x64.ActiveCfg = Release|Any CPU
		{A034CF95-A962-47A0-BEDB-FA5E1C840EC5}.Release|x64.Build.0 = Release|Any CPU
		{A034CF95-A962-47A0-BEDB-FA5E1C840EC5}.Release|x86.ActiveCfg = Release|Any CPU
		{A034CF95-A962-47A0-BEDB-FA5E1C840EC5}.Release|x86.Build.0 = Release|Any CPU
		{53F3C65F-E08D-47E4-AD5E-DE023FC375B4}.Debug|Any CPU.ActiveCfg = Debug|Any CPU
		{53F3C65F-E08D-47E4-AD5E-DE023FC375B4}.Debug|Any CPU.Build.0 = Debug|Any CPU
		{53F3C65F-E08D-47E4-AD5E-DE023FC375B4}.Debug|x64.ActiveCfg = Debug|Any CPU
		{53F3C65F-E08D-47E4-AD5E-DE023FC375B4}.Debug|x64.Build.0 = Debug|Any CPU
		{53F3C65F-E08D-47E4-AD5E-DE023FC375B4}.Debug|x86.ActiveCfg = Debug|Any CPU
		{53F3C65F-E08D-47E4-AD5E-DE023FC375B4}.Debug|x86.Build.0 = Debug|Any CPU
		{53F3C65F-E08D-47E4-AD5E-DE023FC375B4}.Release|Any CPU.ActiveCfg = Release|Any CPU
		{53F3C65F-E08D-47E4-AD5E-DE023FC375B4}.Release|Any CPU.Build.0 = Release|Any CPU
		{53F3C65F-E08D-47E4-AD5E-DE023FC375B4}.Release|x64.ActiveCfg = Release|Any CPU
		{53F3C65F-E08D-47E4-AD5E-DE023FC375B4}.Release|x64.Build.0 = Release|Any CPU
		{53F3C65F-E08D-47E4-AD5E-DE023FC375B4}.Release|x86.ActiveCfg = Release|Any CPU
		{53F3C65F-E08D-47E4-AD5E-DE023FC375B4}.Release|x86.Build.0 = Release|Any CPU
		{9F7BFAE8-0067-4A2F-8E12-A8598A69B43D}.Debug|Any CPU.ActiveCfg = Debug|Any CPU
		{9F7BFAE8-0067-4A2F-8E12-A8598A69B43D}.Debug|Any CPU.Build.0 = Debug|Any CPU
		{9F7BFAE8-0067-4A2F-8E12-A8598A69B43D}.Debug|x64.ActiveCfg = Debug|Any CPU
		{9F7BFAE8-0067-4A2F-8E12-A8598A69B43D}.Debug|x64.Build.0 = Debug|Any CPU
		{9F7BFAE8-0067-4A2F-8E12-A8598A69B43D}.Debug|x86.ActiveCfg = Debug|Any CPU
		{9F7BFAE8-0067-4A2F-8E12-A8598A69B43D}.Debug|x86.Build.0 = Debug|Any CPU
		{9F7BFAE8-0067-4A2F-8E12-A8598A69B43D}.Release|Any CPU.ActiveCfg = Release|Any CPU
		{9F7BFAE8-0067-4A2F-8E12-A8598A69B43D}.Release|Any CPU.Build.0 = Release|Any CPU
		{9F7BFAE8-0067-4A2F-8E12-A8598A69B43D}.Release|x64.ActiveCfg = Release|Any CPU
		{9F7BFAE8-0067-4A2F-8E12-A8598A69B43D}.Release|x64.Build.0 = Release|Any CPU
		{9F7BFAE8-0067-4A2F-8E12-A8598A69B43D}.Release|x86.ActiveCfg = Release|Any CPU
		{9F7BFAE8-0067-4A2F-8E12-A8598A69B43D}.Release|x86.Build.0 = Release|Any CPU
		{8BD99E0B-F20B-40B2-B226-3CFF53E4C1F9}.Debug|Any CPU.ActiveCfg = Debug|Any CPU
		{8BD99E0B-F20B-40B2-B226-3CFF53E4C1F9}.Debug|Any CPU.Build.0 = Debug|Any CPU
		{8BD99E0B-F20B-40B2-B226-3CFF53E4C1F9}.Debug|x64.ActiveCfg = Debug|Any CPU
		{8BD99E0B-F20B-40B2-B226-3CFF53E4C1F9}.Debug|x64.Build.0 = Debug|Any CPU
		{8BD99E0B-F20B-40B2-B226-3CFF53E4C1F9}.Debug|x86.ActiveCfg = Debug|Any CPU
		{8BD99E0B-F20B-40B2-B226-3CFF53E4C1F9}.Debug|x86.Build.0 = Debug|Any CPU
		{8BD99E0B-F20B-40B2-B226-3CFF53E4C1F9}.Release|Any CPU.ActiveCfg = Release|Any CPU
		{8BD99E0B-F20B-40B2-B226-3CFF53E4C1F9}.Release|Any CPU.Build.0 = Release|Any CPU
		{8BD99E0B-F20B-40B2-B226-3CFF53E4C1F9}.Release|x64.ActiveCfg = Release|Any CPU
		{8BD99E0B-F20B-40B2-B226-3CFF53E4C1F9}.Release|x64.Build.0 = Release|Any CPU
		{8BD99E0B-F20B-40B2-B226-3CFF53E4C1F9}.Release|x86.ActiveCfg = Release|Any CPU
		{8BD99E0B-F20B-40B2-B226-3CFF53E4C1F9}.Release|x86.Build.0 = Release|Any CPU
		{A4520691-78FF-4F7F-8EDC-67D7AF1DDB96}.Debug|Any CPU.ActiveCfg = Debug|Any CPU
		{A4520691-78FF-4F7F-8EDC-67D7AF1DDB96}.Debug|Any CPU.Build.0 = Debug|Any CPU
		{A4520691-78FF-4F7F-8EDC-67D7AF1DDB96}.Debug|x64.ActiveCfg = Debug|Any CPU
		{A4520691-78FF-4F7F-8EDC-67D7AF1DDB96}.Debug|x64.Build.0 = Debug|Any CPU
		{A4520691-78FF-4F7F-8EDC-67D7AF1DDB96}.Debug|x86.ActiveCfg = Debug|Any CPU
		{A4520691-78FF-4F7F-8EDC-67D7AF1DDB96}.Debug|x86.Build.0 = Debug|Any CPU
		{A4520691-78FF-4F7F-8EDC-67D7AF1DDB96}.Release|Any CPU.ActiveCfg = Release|Any CPU
		{A4520691-78FF-4F7F-8EDC-67D7AF1DDB96}.Release|Any CPU.Build.0 = Release|Any CPU
		{A4520691-78FF-4F7F-8EDC-67D7AF1DDB96}.Release|x64.ActiveCfg = Release|Any CPU
		{A4520691-78FF-4F7F-8EDC-67D7AF1DDB96}.Release|x64.Build.0 = Release|Any CPU
		{A4520691-78FF-4F7F-8EDC-67D7AF1DDB96}.Release|x86.ActiveCfg = Release|Any CPU
		{A4520691-78FF-4F7F-8EDC-67D7AF1DDB96}.Release|x86.Build.0 = Release|Any CPU
		{B36458EF-B3F1-4E0D-8795-FF2C9BE5583A}.Debug|Any CPU.ActiveCfg = Debug|Any CPU
		{B36458EF-B3F1-4E0D-8795-FF2C9BE5583A}.Debug|Any CPU.Build.0 = Debug|Any CPU
		{B36458EF-B3F1-4E0D-8795-FF2C9BE5583A}.Debug|x64.ActiveCfg = Debug|Any CPU
		{B36458EF-B3F1-4E0D-8795-FF2C9BE5583A}.Debug|x64.Build.0 = Debug|Any CPU
		{B36458EF-B3F1-4E0D-8795-FF2C9BE5583A}.Debug|x86.ActiveCfg = Debug|Any CPU
		{B36458EF-B3F1-4E0D-8795-FF2C9BE5583A}.Debug|x86.Build.0 = Debug|Any CPU
		{B36458EF-B3F1-4E0D-8795-FF2C9BE5583A}.Release|Any CPU.ActiveCfg = Release|Any CPU
		{B36458EF-B3F1-4E0D-8795-FF2C9BE5583A}.Release|Any CPU.Build.0 = Release|Any CPU
		{B36458EF-B3F1-4E0D-8795-FF2C9BE5583A}.Release|x64.ActiveCfg = Release|Any CPU
		{B36458EF-B3F1-4E0D-8795-FF2C9BE5583A}.Release|x64.Build.0 = Release|Any CPU
		{B36458EF-B3F1-4E0D-8795-FF2C9BE5583A}.Release|x86.ActiveCfg = Release|Any CPU
		{B36458EF-B3F1-4E0D-8795-FF2C9BE5583A}.Release|x86.Build.0 = Release|Any CPU
	EndGlobalSection
	GlobalSection(SolutionProperties) = preSolution
		HideSolutionNode = FALSE
	EndGlobalSection
	GlobalSection(ExtensibilityGlobals) = postSolution
		SolutionGuid = {FA1531F4-236E-403A-BFFE-599807C3712A}
	EndGlobalSection
EndGlobal
